
Microsoft Visual Studio Solution File, Format Version 12.00
# Visual Studio Version 17
VisualStudioVersion = 17.2.32630.192
MinimumVisualStudioVersion = 10.0.40219.1
Project("{FAE04EC0-301F-11D3-BF4B-00C04F79EFBC}") = "Lesson01.SEP212", "Lesson01.SEP212\Lesson01.SEP212.csproj", "{3301EE26-6F1D-4C94-A321-9753FB99946B}"
EndProject
Global
	GlobalSection(SolutionConfigurationPlatforms) = preSolution
		Debug|Any CPU = Debug|Any CPU
		Release|Any CPU = Release|Any CPU
	EndGlobalSection
	GlobalSection(ProjectConfigurationPlatforms) = postSolution
		{3301EE26-6F1D-4C94-A321-9753FB99946B}.Debug|Any CPU.ActiveCfg = Debug|Any CPU
		{3301EE26-6F1D-4C94-A321-9753FB99946B}.Debug|Any CPU.Build.0 = Debug|Any CPU
		{3301EE26-6F1D-4C94-A321-9753FB99946B}.Release|Any CPU.ActiveCfg = Release|Any CPU
		{3301EE26-6F1D-4C94-A321-9753FB99946B}.Release|Any CPU.Build.0 = Release|Any CPU
	EndGlobalSection
	GlobalSection(SolutionProperties) = preSolution
		HideSolutionNode = FALSE
	EndGlobalSection
	GlobalSection(ExtensibilityGlobals) = postSolution
		SolutionGuid = {A5592408-E3E3-4F6F-9DC0-65AE64A3308E}
	EndGlobalSection
EndGlobal
